{
  "lockfile_version": "2.0",
  "generated_at": "2026-06-26T11:39:06.898Z",
  "agents": {
    "WikiAgent": {
      "version": "1.0",
      "source_hash": "f528f73bfa339e99",
      "status": "active"
    }
  },
  "tools": {},
  "configs": {
    "config/runtime-config.json": {
      "source_hash": "94ace7d9fdc41674"
    },
    "config/llm-config.json": {
      "source_hash": "8c6966cb1b299a23"
    },
    "config/project-model-configs/gpt-5_4__2026-03-05_.model-config.json": {
      "source_hash": "e99d995740715528"
    }
  },
  "connections": {},
  "guardrails": {},
  "workflows": {},
  "evals": {},
  "search": {},
  "channels": {},
  "vocabulary": {},
  "behavior_profiles": {},
  "layer_hashes": {
    "core": "0515b25c7461bb80142d729e874e99f2241ab01b26d7b7a305bdf555e596aad2",
    "connections": "e3b0c44298fc1c149afbf4c8996fb92427ae41e4649b934ca495991b7852b855",
    "prompts": "e3b0c44298fc1c149afbf4c8996fb92427ae41e4649b934ca495991b7852b855",
    "guardrails": "e3b0c44298fc1c149afbf4c8996fb92427ae41e4649b934ca495991b7852b855",
    "workflows": "e3b0c44298fc1c149afbf4c8996fb92427ae41e4649b934ca495991b7852b855",
    "evals": "e3b0c44298fc1c149afbf4c8996fb92427ae41e4649b934ca495991b7852b855",
    "search": "e3b0c44298fc1c149afbf4c8996fb92427ae41e4649b934ca495991b7852b855",
    "channels": "e3b0c44298fc1c149afbf4c8996fb92427ae41e4649b934ca495991b7852b855",
    "vocabulary": "e3b0c44298fc1c149afbf4c8996fb92427ae41e4649b934ca495991b7852b855",
    "tables": "e3b0c44298fc1c149afbf4c8996fb92427ae41e4649b934ca495991b7852b855"
  },
  "integrity": "3b61a819abb6ebefa462bdab593718c82430345c0baa6041e3953396774bae35"
}