{
  "lockfile_version": "2.0",
  "generated_at": "2026-06-26T12:43:11.126Z",
  "agents": {
    "WikiAgent": {
      "version": "1.0",
      "source_hash": "f528f73bfa339e99",
      "status": "active"
    },
    "HelpDeskAgent": {
      "version": "1.0",
      "source_hash": "51bef05e5bb4dbcd",
      "status": "active"
    }
  },
  "tools": {
    "tools/delete_person.tools.abl": {
      "source_hash": "2b1d7aafd68e4b55"
    }
  },
  "configs": {
    "config/runtime-config.json": {
      "source_hash": "94ace7d9fdc41674"
    },
    "config/llm-config.json": {
      "source_hash": "8c6966cb1b299a23"
    },
    "config/project-model-configs/gpt-5_4__2026-03-05_.model-config.json": {
      "source_hash": "e99d995740715528"
    }
  },
  "connections": {},
  "guardrails": {},
  "workflows": {
    "workflows/testwff.workflow.json": {
      "source_hash": "67263850128eb7ba"
    },
    "workflows/versions/testwff/draft.version.json": {
      "source_hash": "e6fbe62b839b673e",
      "version": "draft"
    }
  },
  "evals": {},
  "search": {},
  "channels": {},
  "vocabulary": {},
  "behavior_profiles": {},
  "layer_hashes": {
    "core": "a602ad41f7c24adff45f5d01fb787980a819741a08d599559ef7ac1bb1bf781c",
    "connections": "e3b0c44298fc1c149afbf4c8996fb92427ae41e4649b934ca495991b7852b855",
    "prompts": "e3b0c44298fc1c149afbf4c8996fb92427ae41e4649b934ca495991b7852b855",
    "guardrails": "e3b0c44298fc1c149afbf4c8996fb92427ae41e4649b934ca495991b7852b855",
    "workflows": "a1abaa3a78c13cb9ee5183331f68089aba3b65e110fdd69f3d09bd06f0c33c1e",
    "evals": "e3b0c44298fc1c149afbf4c8996fb92427ae41e4649b934ca495991b7852b855",
    "search": "e3b0c44298fc1c149afbf4c8996fb92427ae41e4649b934ca495991b7852b855",
    "channels": "e3b0c44298fc1c149afbf4c8996fb92427ae41e4649b934ca495991b7852b855",
    "vocabulary": "e3b0c44298fc1c149afbf4c8996fb92427ae41e4649b934ca495991b7852b855",
    "tables": "e3b0c44298fc1c149afbf4c8996fb92427ae41e4649b934ca495991b7852b855"
  },
  "integrity": "6d56951fb2e5c1e2bc8827eb05efda6d5f6e3726b66e59190a015d2b95af388e"
}