{
  "lockfile_version": "2.0",
  "generated_at": "2026-06-29T14:22:59.942Z",
  "agents": {},
  "tools": {},
  "configs": {
    "config/project-settings.json": {
      "source_hash": "b438e426cdb9fad7"
    },
    "config/runtime-config.json": {
      "source_hash": "b08adb569f0c10cc"
    },
    "tables/ahi.table.json": {
      "source_hash": "546aab5e1410dfbc"
    }
  },
  "connections": {},
  "guardrails": {},
  "workflows": {
    "workflows/cust_m_wf_mxa0.workflow.json": {
      "source_hash": "65dbb41220b27a2f"
    },
    "workflows/cust_m_wf_293n.workflow.json": {
      "source_hash": "afb7506010ea4c85"
    },
    "workflows/cust_m_qwf_293n.workflow.json": {
      "source_hash": "f660863cf6b03895"
    },
    "workflows/cust_m_wf_6km5.workflow.json": {
      "source_hash": "71240181a15af20f"
    },
    "workflows/cust_m_qwf_6km5.workflow.json": {
      "source_hash": "cb2bf7473ffe180c"
    },
    "workflows/versions/cust_m_wf_mxa0/draft.version.json": {
      "source_hash": "80bc262d71128b64",
      "version": "draft"
    },
    "workflows/versions/cust_m_wf_293n/draft.version.json": {
      "source_hash": "16425c4eb843553d",
      "version": "draft"
    },
    "workflows/versions/cust_m_qwf_293n/draft.version.json": {
      "source_hash": "8b35ff34741a3f54",
      "version": "draft"
    },
    "workflows/versions/cust_m_wf_6km5/draft.version.json": {
      "source_hash": "7f1e02a6e0323252",
      "version": "draft"
    },
    "workflows/versions/cust_m_qwf_6km5/draft.version.json": {
      "source_hash": "5124b15c1bde8557",
      "version": "draft"
    }
  },
  "evals": {},
  "search": {},
  "channels": {},
  "vocabulary": {},
  "behavior_profiles": {},
  "layer_hashes": {
    "core": "d59e98846ddbca98157b00169e01b88e0a0990b30fa3dce6aa0d7b06602be9cf",
    "connections": "e3b0c44298fc1c149afbf4c8996fb92427ae41e4649b934ca495991b7852b855",
    "prompts": "e3b0c44298fc1c149afbf4c8996fb92427ae41e4649b934ca495991b7852b855",
    "guardrails": "e3b0c44298fc1c149afbf4c8996fb92427ae41e4649b934ca495991b7852b855",
    "workflows": "3b083f60eca87b25c9b6e1d19b9160d174f74fae9f280d4b5b9a3c837a286808",
    "evals": "e3b0c44298fc1c149afbf4c8996fb92427ae41e4649b934ca495991b7852b855",
    "search": "e3b0c44298fc1c149afbf4c8996fb92427ae41e4649b934ca495991b7852b855",
    "channels": "e3b0c44298fc1c149afbf4c8996fb92427ae41e4649b934ca495991b7852b855",
    "vocabulary": "e3b0c44298fc1c149afbf4c8996fb92427ae41e4649b934ca495991b7852b855",
    "tables": "8fcce8c725cbfb04e46b728a550760bc57fee799232740eea1f06e07d10aca43"
  },
  "integrity": "9cfc8488097f1f238ccf3908c23cca2330bb65c31ad05ebec2117bbce66d31ab"
}